// !$*UTF8*$!
{
	archiveVersion = 1;
	classes = {
	};
	objectVersion = 56;
	objects = {

/* Begin PBXBuildFile section */
		4B63401E2B4D59BD00E8253B /* AppDelegate.swift in Sources */ = {isa = PBXBuildFile; fileRef = 4B63401D2B4D59BD00E8253B /* AppDelegate.swift */; };
		4B6340202B4D59BD00E8253B /* SceneDelegate.swift in Sources */ = {isa = PBXBuildFile; fileRef = 4B63401F2B4D59BD00E8253B /* SceneDelegate.swift */; };
		4B6340252B4D59BD00E8253B /* Main.storyboard in Resources */ = {isa = PBXBuildFile; fileRef = 4B6340232B4D59BD00E8253B /* Main.storyboard */; };
		4B6340272B4D59BF00E8253B /* Assets.xcassets in Resources */ = {isa = PBXBuildFile; fileRef = 4B6340262B4D59BF00E8253B /* Assets.xcassets */; };
		4B63402A2B4D59BF00E8253B /* LaunchScreen.storyboard in Resources */ = {isa = PBXBuildFile; fileRef = 4B6340282B4D59BF00E8253B /* LaunchScreen.storyboard */; };
		4BA868CD2B4F18D7005A50EC /* PreviewPage.swift in Sources */ = {isa = PBXBuildFile; fileRef = 4BA868CC2B4F18D7005A50EC /* PreviewPage.swift */; };
		4BA868CF2B4F195F005A50EC /* ArtCoverCell.swift in Sources */ = {isa = PBXBuildFile; fileRef = 4BA868CE2B4F195F005A50EC /* ArtCoverCell.swift */; };
		4BA868D12B4F1E25005A50EC /* DetailViewController.swift in Sources */ = {isa = PBXBuildFile; fileRef = 4BA868D02B4F1E25005A50EC /* DetailViewController.swift */; };
/* End PBXBuildFile section */

/* Begin PBXFileReference section */
		4B63401A2B4D59BD00E8253B /* Lesson14.app */ = {isa = PBXFileReference; explicitFileType = wrapper.application; includeInIndex = 0; path = Lesson14.app; sourceTree = BUILT_PRODUCTS_DIR; };
		4B63401D2B4D59BD00E8253B /* AppDelegate.swift */ = {isa = PBXFileReference; lastKnownFileType = sourcecode.swift; path = AppDelegate.swift; sourceTree = "<group>"; };
		4B63401F2B4D59BD00E8253B /* SceneDelegate.swift */ = {isa = PBXFileReference; lastKnownFileType = sourcecode.swift; path = SceneDelegate.swift; sourceTree = "<group>"; };
		4B6340242B4D59BD00E8253B /* Base */ = {isa = PBXFileReference; lastKnownFileType = file.storyboard; name = Base; path = Base.lproj/Main.storyboard; sourceTree = "<group>"; };
		4B6340262B4D59BF00E8253B /* Assets.xcassets */ = {isa = PBXFileReference; lastKnownFileType = folder.assetcatalog; path = Assets.xcassets; sourceTree = "<group>"; };
		4B6340292B4D59BF00E8253B /* Base */ = {isa = PBXFileReference; lastKnownFileType = file.storyboard; name = Base; path = Base.lproj/LaunchScreen.storyboard; sourceTree = "<group>"; };
		4B63402B2B4D59BF00E8253B /* Info.plist */ = {isa = PBXFileReference; lastKnownFileType = text.plist.xml; path = Info.plist; sourceTree = "<group>"; };
		4BA868CC2B4F18D7005A50EC /* PreviewPage.swift */ = {isa = PBXFileReference; lastKnownFileType = sourcecode.swift; path = PreviewPage.swift; sourceTree = "<group>"; };
		4BA868CE2B4F195F005A50EC /* ArtCoverCell.swift */ = {isa = PBXFileReference; lastKnownFileType = sourcecode.swift; path = ArtCoverCell.swift; sourceTree = "<group>"; };
		4BA868D02B4F1E25005A50EC /* DetailViewController.swift */ = {isa = PBXFileReference; lastKnownFileType = sourcecode.swift; path = DetailViewController.swift; sourceTree = "<group>"; };
/* End PBXFileReference section */

/* Begin PBXFrameworksBuildPhase section */
		4B6340172B4D59BD00E8253B /* Frameworks */ = {
			isa = PBXFrameworksBuildPhase;
			buildActionMask = 2147483647;
			files = (
			);
			runOnlyForDeploymentPostprocessing = 0;
		};
/* End PBXFrameworksBuildPhase section */

/* Begin PBXGroup section */
		4B6340112B4D59BD00E8253B = {
			isa = PBXGroup;
			children = (
				4B63401C2B4D59BD00E8253B /* Lesson14 */,
				4B63401B2B4D59BD00E8253B /* Products */,
			);
			sourceTree = "<group>";
		};
		4B63401B2B4D59BD00E8253B /* Products */ = {
			isa = PBXGroup;
			children = (
				4B63401A2B4D59BD00E8253B /* Lesson14.app */,
			);
			name = Products;
			sourceTree = "<group>";
		};
		4B63401C2B4D59BD00E8253B /* Lesson14 */ = {
			isa = PBXGroup;
			children = (
				4B63401D2B4D59BD00E8253B /* AppDelegate.swift */,
				4B63401F2B4D59BD00E8253B /* SceneDelegate.swift */,
				4BA868CC2B4F18D7005A50EC /* PreviewPage.swift */,
				4BA868CE2B4F195F005A50EC /* ArtCoverCell.swift */,
				4BA868D02B4F1E25005A50EC /* DetailViewController.swift */,
				4B6340232B4D59BD00E8253B /* Main.storyboard */,
				4B6340262B4D59BF00E8253B /* Assets.xcassets */,
				4B6340282B4D59BF00E8253B /* LaunchScreen.storyboard */,
				4B63402B2B4D59BF00E8253B /* Info.plist */,
			);
			path = Lesson14;
			sourceTree = "<group>";
		};
/* End PBXGroup section */

/* Begin PBXNativeTarget section */
		4B6340192B4D59BD00E8253B /* Lesson14 */ = {
			isa = PBXNativeTarget;
			buildConfigurationList = 4B63402E2B4D59BF00E8253B /* Build configuration list for PBXNativeTarget "Lesson14" */;
			buildPhases = (
				4B6340162B4D59BD00E8253B /* Sources */,
				4B6340172B4D59BD00E8253B /* Frameworks */,
				4B6340182B4D59BD00E8253B /* Resources */,
			);
			buildRules = (
			);
			dependencies = (
			);
			name = Lesson14;
			productName = Lesson14;
			productReference = 4B63401A2B4D59BD00E8253B /* Lesson14.app */;
			productType = "com.apple.product-type.application";
		};
/* End PBXNativeTarget section */

/* Begin PBXProject section */
		4B6340122B4D59BD00E8253B /* Project object */ = {
			isa = PBXProject;
			attributes = {
				BuildIndependentTargetsInParallel = 1;
				LastSwiftUpdateCheck = 1510;
				LastUpgradeCheck = 1510;
				TargetAttributes = {
					4B6340192B4D59BD00E8253B = {
						CreatedOnToolsVersion = 15.1;
					};
				};
			};
			buildConfigurationList = 4B6340152B4D59BD00E8253B /* Build configuration list for PBXProject "Lesson14" */;
			compatibilityVersion = "Xcode 14.0";
			developmentRegion = en;
			hasScannedForEncodings = 0;
			knownRegions = (
				en,
				Base,
			);
			mainGroup = 4B6340112B4D59BD00E8253B;
			productRefGroup = 4B63401B2B4D59BD00E8253B /* Products */;
			projectDirPath = "";
			projectRoot = "";
			targets = (
				4B6340192B4D59BD00E8253B /* Lesson14 */,
			);
		};
/* End PBXProject section */

/* Begin PBXResourcesBuildPhase section */
		4B6340182B4D59BD00E8253B /* Resources */ = {
			isa = PBXResourcesBuildPhase;
			buildActionMask = 2147483647;
			files = (
				4B63402A2B4D59BF00E8253B /* LaunchScreen.storyboard in Resources */,
				4B6340272B4D59BF00E8253B /* Assets.xcassets in Resources */,
				4B6340252B4D59BD00E8253B /* Main.storyboard in Resources */,
			);
			runOnlyForDeploymentPostprocessing = 0;
		};
/* End PBXResourcesBuildPhase section */

/* Begin PBXSourcesBuildPhase section */
		4B6340162B4D59BD00E8253B /* Sources */ = {
			isa = PBXSourcesBuildPhase;
			buildActionMask = 2147483647;
			files = (
				4BA868CD2B4F18D7005A50EC /* PreviewPage.swift in Sources */,
				4B63401E2B4D59BD00E8253B /* AppDelegate.swift in Sources */,
				4BA868D12B4F1E25005A50EC /* DetailViewController.swift in Sources */,
				4B6340202B4D59BD00E8253B /* SceneDelegate.swift in Sources */,
				4BA868CF2B4F195F005A50EC /* ArtCoverCell.swift in Sources */,
			);
			runOnlyForDeploymentPostprocessing = 0;
		};
/* End PBXSourcesBuildPhase section */

/* Begin PBXVariantGroup section */
		4B6340232B4D59BD00E8253B /* Main.storyboard */ = {
			isa = PBXVariantGroup;
			children = (
				4B6340242B4D59BD00E8253B /* Base */,
			);
			name = Main.storyboard;
			sourceTree = "<group>";
		};
		4B6340282B4D59BF00E8253B /* LaunchScreen.storyboard */ = {
			isa = PBXVariantGroup;
			children = (
				4B6340292B4D59BF00E8253B /* Base */,
			);
			name = LaunchScreen.storyboard;
			sourceTree = "<group>";
		};
/* End PBXVariantGroup section */

/* Begin XCBuildConfiguration section */
		4B63402C2B4D59BF00E8253B /* Debug */ = {
			isa = XCBuildConfiguration;
			buildSettings = {
				ALWAYS_SEARCH_USER_PATHS = NO;
				ASSETCATALOG_COMPILER_GENERATE_SWIFT_ASSET_SYMBOL_EXTENSIONS = YES;
				CLANG_ANALYZER_NONNULL = YES;
				CLANG_ANALYZER_NUMBER_OBJECT_CONVERSION = YES_AGGRESSIVE;
				CLANG_CXX_LANGUAGE_STANDARD = "gnu++20";
				CLANG_ENABLE_MODULES = YES;
				CLANG_ENABLE_OBJC_ARC = YES;
				CLANG_ENABLE_OBJC_WEAK = YES;
				CLANG_WARN_BLOCK_CAPTURE_AUTORELEASING = YES;
				CLANG_WARN_BOOL_CONVERSION = YES;
				CLANG_WARN_COMMA = YES;
				CLANG_WARN_CONSTANT_CONVERSION = YES;
				CLANG_WARN_DEPRECATED_OBJC_IMPLEMENTATIONS = YES;
				CLANG_WARN_DIRECT_OBJC_ISA_USAGE = YES_ERROR;
				CLANG_WARN_DOCUMENTATION_COMMENTS = YES;
				CLANG_WARN_EMPTY_BODY = YES;
				CLANG_WARN_ENUM_CONVERSION = YES;
				CLANG_WARN_INFINITE_RECURSION = YES;
				CLANG_WARN_INT_CONVERSION = YES;
				CLANG_WARN_NON_LITERAL_NULL_CONVERSION = YES;
				CLANG_WARN_OBJC_IMPLICIT_RETAIN_SELF = YES;
				CLANG_WARN_OBJC_LITERAL_CONVERSION = YES;
				CLANG_WARN_OBJC_ROOT_CLASS = YES_ERROR;
				CLANG_WARN_QUOTED_INCLUDE_IN_FRAMEWORK_HEADER = YES;
				CLANG_WARN_RANGE_LOOP_ANALYSIS = YES;
				CLANG_WARN_STRICT_PROTOTYPES = YES;
				CLANG_WARN_SUSPICIOUS_MOVE = YES;
				CLANG_WARN_UNGUARDED_AVAILABILITY = YES_AGGRESSIVE;
				CLANG_WARN_UNREACHABLE_CODE = YES;
				CLANG_WARN__DUPLICATE_METHOD_MATCH = YES;
				COPY_PHASE_STRIP = NO;
				DEBUG_INFORMATION_FORMAT = dwarf;
				ENABLE_STRICT_OBJC_MSGSEND = YES;
				ENABLE_TESTABILITY = YES;
				ENABLE_USER_SCRIPT_SANDBOXING = YES;
				GCC_C_LANGUAGE_STANDARD = gnu17;
				GCC_DYNAMIC_NO_PIC = NO;
				GCC_NO_COMMON_BLOCKS = YES;
				GCC_OPTIMIZATION_LEVEL = 0;
				GCC_PREPROCESSOR_DEFINITIONS = (
					"DEBUG=1",
					"$(inherited)",
				);
				GCC_WARN_64_TO_32_BIT_CONVERSION = YES;
				GCC_WARN_ABOUT_RETURN_TYPE = YES_ERROR;
				GCC_WARN_UNDECLARED_SELECTOR = YES;
				GCC_WARN_UNINITIALIZED_AUTOS = YES_AGGRESSIVE;
				GCC_WARN_UNUSED_FUNCTION = YES;
				GCC_WARN_UNUSED_VARIABLE = YES;
				IPHONEOS_DEPLOYMENT_TARGET = 17.2;
				LOCALIZATION_PREFERS_STRING_CATALOGS = YES;
				MTL_ENABLE_DEBUG_INFO = INCLUDE_SOURCE;
				MTL_FAST_MATH = YES;
				ONLY_ACTIVE_ARCH = YES;
				SDKROOT = iphoneos;
				SWIFT_ACTIVE_COMPILATION_CONDITIONS = "DEBUG $(inherited)";
				SWIFT_OPTIMIZATION_LEVEL = "-Onone";
			};
			name = Debug;
		};
		4B63402D2B4D59BF00E8253B /* Release */ = {
			isa = XCBuildConfiguration;
			buildSettings = {
				ALWAYS_SEARCH_USER_PATHS = NO;
				ASSETCATALOG_COMPILER_GENERATE_SWIFT_ASSET_SYMBOL_EXTENSIONS = YES;
				CLANG_ANALYZER_NONNULL = YES;
				CLANG_ANALYZER_NUMBER_OBJECT_CONVERSION = YES_AGGRESSIVE;
				CLANG_CXX_LANGUAGE_STANDARD = "gnu++20";
				CLANG_ENABLE_MODULES = YES;
				CLANG_ENABLE_OBJC_ARC = YES;
				CLANG_ENABLE_OBJC_WEAK = YES;
				CLANG_WARN_BLOCK_CAPTURE_AUTORELEASING = YES;
				CLANG_WARN_BOOL_CONVERSION = YES;
				CLANG_WARN_COMMA = YES;
				CLANG_WARN_CONSTANT_CONVERSION = YES;
				CLANG_WARN_DEPRECATED_OBJC_IMPLEMENTATIONS = YES;
				CLANG_WARN_DIRECT_OBJC_ISA_USAGE = YES_ERROR;
				CLANG_WARN_DOCUMENTATION_COMMENTS = YES;
				CLANG_WARN_EMPTY_BODY = YES;
				CLANG_WARN_ENUM_CONVERSION = YES;
				CLANG_WARN_INFINITE_RECURSION = YES;
				CLANG_WARN_INT_CONVERSION = YES;
				CLANG_WARN_NON_LITERAL_NULL_CONVERSION = YES;
				CLANG_WARN_OBJC_IMPLICIT_RETAIN_SELF = YES;
				CLANG_WARN_OBJC_LITERAL_CONVERSION = YES;
				CLANG_WARN_OBJC_ROOT_CLASS = YES_ERROR;
				CLANG_WARN_QUOTED_INCLUDE_IN_FRAMEWORK_HEADER = YES;
				CLANG_WARN_RANGE_LOOP_ANALYSIS = YES;
				CLANG_WARN_STRICT_PROTOTYPES = YES;
				CLANG_WARN_SUSPICIOUS_MOVE = YES;
				CLANG_WARN_UNGUARDED_AVAILABILITY = YES_AGGRESSIVE;
				CLANG_WARN_UNREACHABLE_CODE = YES;
				CLANG_WARN__DUPLICATE_METHOD_MATCH = YES;
				COPY_PHASE_STRIP = NO;
				DEBUG_INFORMATION_FORMAT = "dwarf-with-dsym";
				ENABLE_NS_ASSERTIONS = NO;
				ENABLE_STRICT_OBJC_MSGSEND = YES;
				ENABLE_USER_SCRIPT_SANDBOXING = YES;
				GCC_C_LANGUAGE_STANDARD = gnu17;
				GCC_NO_COMMON_BLOCKS = YES;
				GCC_WARN_64_TO_32_BIT_CONVERSION = YES;
				GCC_WARN_ABOUT_RETURN_TYPE = YES_ERROR;
				GCC_WARN_UNDECLARED_SELECTOR = YES;
				GCC_WARN_UNINITIALIZED_AUTOS = YES_AGGRESSIVE;
				GCC_WARN_UNUSED_FUNCTION = YES;
				GCC_WARN_UNUSED_VARIABLE = YES;
				IPHONEOS_DEPLOYMENT_TARGET = 17.2;
				LOCALIZATION_PREFERS_STRING_CATALOGS = YES;
				MTL_ENABLE_DEBUG_INFO = NO;
				MTL_FAST_MATH = YES;
				SDKROOT = iphoneos;
				SWIFT_COMPILATION_MODE = wholemodule;
				VALIDATE_PRODUCT = YES;
			};
			name = Release;
		};
		4B63402F2B4D59BF00E8253B /* Debug */ = {
			isa = XCBuildConfiguration;
			buildSettings = {
				ASSETCATALOG_COMPILER_APPICON_NAME = AppIcon;
				ASSETCATALOG_COMPILER_GLOBAL_ACCENT_COLOR_NAME = AccentColor;
				CODE_SIGN_STYLE = Automatic;
				CURRENT_PROJECT_VERSION = 1;
				DEVELOPMENT_TEAM = YZ6D5N8NY5;
				GENERATE_INFOPLIST_FILE = YES;
				INFOPLIST_FILE = Lesson14/Info.plist;
				INFOPLIST_KEY_UIApplicationSupportsIndirectInputEvents = YES;
				INFOPLIST_KEY_UILaunchStoryboardName = LaunchScreen;
				INFOPLIST_KEY_UIMainStoryboardFile = Main;
				INFOPLIST_KEY_UISupportedInterfaceOrientations_iPad = "UIInterfaceOrientationPortrait UIInterfaceOrientationPortraitUpsideDown UIInterfaceOrientationLandscapeLeft UIInterfaceOrientationLandscapeRight";
				INFOPLIST_KEY_UISupportedInterfaceOrientations_iPhone = "UIInterfaceOrientationPortrait UIInterfaceOrientationLandscapeLeft UIInterfaceOrientationLandscapeRight";
				IPHONEOS_DEPLOYMENT_TARGET = 15.5;
				LD_RUNPATH_SEARCH_PATHS = (
					"$(inherited)",
					"@executable_path/Frameworks",
				);
				MARKETING_VERSION = 1.0;
				PRODUCT_BUNDLE_IDENTIFIER = meparsukov.Lesson14;
				PRODUCT_NAME = "$(TARGET_NAME)";
				SWIFT_EMIT_LOC_STRINGS = YES;
				SWIFT_VERSION = 5.0;
				TARGETED_DEVICE_FAMILY = "1,2";
			};
			name = Debug;
		};
		4B6340302B4D59BF00E8253B /* Release */ = {
			isa = XCBuildConfiguration;
			buildSettings = {
				ASSETCATALOG_COMPILER_APPICON_NAME = AppIcon;
				ASSETCATALOG_COMPILER_GLOBAL_ACCENT_COLOR_NAME = AccentColor;
				CODE_SIGN_STYLE = Automatic;
				CURRENT_PROJECT_VERSION = 1;
				DEVELOPMENT_TEAM = YZ6D5N8NY5;
				GENERATE_INFOPLIST_FILE = YES;
				INFOPLIST_FILE = Lesson14/Info.plist;
				INFOPLIST_KEY_UIApplicationSupportsIndirectInputEvents = YES;
				INFOPLIST_KEY_UILaunchStoryboardName = LaunchScreen;
				INFOPLIST_KEY_UIMainStoryboardFile = Main;
				INFOPLIST_KEY_UISupportedInterfaceOrientations_iPad = "UIInterfaceOrientationPortrait UIInterfaceOrientationPortraitUpsideDown UIInterfaceOrientationLandscapeLeft UIInterfaceOrientationLandscapeRight";
				INFOPLIST_KEY_UISupportedInterfaceOrientations_iPhone = "UIInterfaceOrientationPortrait UIInterfaceOrientationLandscapeLeft UIInterfaceOrientationLandscapeRight";
				IPHONEOS_DEPLOYMENT_TARGET = 15.5;
				LD_RUNPATH_SEARCH_PATHS = (
					"$(inherited)",
					"@executable_path/Frameworks",
				);
				MARKETING_VERSION = 1.0;
				PRODUCT_BUNDLE_IDENTIFIER = meparsukov.Lesson14;
				PRODUCT_NAME = "$(TARGET_NAME)";
				SWIFT_EMIT_LOC_STRINGS = YES;
				SWIFT_VERSION = 5.0;
				TARGETED_DEVICE_FAMILY = "1,2";
			};
			name = Release;
		};
/* End XCBuildConfiguration section */

/* Begin XCConfigurationList section */
		4B6340152B4D59BD00E8253B /* Build configuration list for PBXProject "Lesson14" */ = {
			isa = XCConfigurationList;
			buildConfigurations = (
				4B63402C2B4D59BF00E8253B /* Debug */,
				4B63402D2B4D59BF00E8253B /* Release */,
			);
			defaultConfigurationIsVisible = 0;
			defaultConfigurationName = Release;
		};
		4B63402E2B4D59BF00E8253B /* Build configuration list for PBXNativeTarget "Lesson14" */ = {
			isa = XCConfigurationList;
			buildConfigurations = (
				4B63402F2B4D59BF00E8253B /* Debug */,
				4B6340302B4D59BF00E8253B /* Release */,
			);
			defaultConfigurationIsVisible = 0;
			defaultConfigurationName = Release;
		};
/* End XCConfigurationList section */
	};
	rootObject = 4B6340122B4D59BD00E8253B /* Project object */;
}
